schema: '2.0'
stages:
  tokenize:
    cmd: python -m src.tokenize_data
    deps:
    - path: data/train.jsonl
      hash: md5
      md5: c93337791c93106a3d8be91df744a807
      size: 41596222
    - path: data/val.jsonl
      hash: md5
      md5: 7f709dd22f39bec40c88f4500d065460
      size: 5279847
    - path: src/collate.py
      hash: md5
      md5: 6979bf08e54fddce3d55c91aac88ad19
      size: 1785
    - path: src/config.py
      hash: md5
      md5: d1af94455f9641952ff6c34f46ac6060
      size: 336
    - path: src/pack.py
      hash: md5
      md5: fe44de18d190fd5fb4b2a84a1fc3628f
      size: 2862
    - path: src/prompt.py
      hash: md5
      md5: fa754b8c684b7a0b03967550d20ba7b5
      size: 4798
    - path: src/tokenize_data.py
      hash: md5
      md5: 747826b96bd4cd212cc3b6077304b75c
      size: 16609
    params:
      params.yaml:
        data.out_dir: data/tokenized
        data.train_jsonl: data/train.jsonl
        data.val_jsonl: data/val.jsonl
        model:
          name: Qwen/Qwen3-1.7B
          enable_thinking: false
        packing:
          enabled: true
          batch_size: 8
        tokenize:
          max_seq_len: 512
          truncated_warn_ratio: 0.05
          padding_side: left
        train_estimate:
          epochs: 3
          tokens_per_sec: 43.85
    outs:
    - path: data/tokenized
      hash: md5
      md5: 3ed326a1f9460b8749f97629f933822b.dir
      size: 170279360
      nfiles: 4
    - path: metrics/tokenize.json
      hash: md5
      md5: 8c2a82497937d98db3343c6350afbf2d
      size: 2696
